
Microsoft Visual Studio Solution File, Format Version 12.00
# Visual Studio Version 17
VisualStudioVersion = 17.6.33829.357
MinimumVisualStudioVersion = 10.0.40219.1
Project("{FAE04EC0-301F-11D3-BF4B-00C04F79EFBC}") = "reverseStrings", "reverseStrings\reverseStrings.csproj", "{E47C6C01-02CC-4BB7-801F-140A3D5194D0}"
EndProject
Project("{FAE04EC0-301F-11D3-BF4B-00C04F79EFBC}") = "repeatStrings", "repeatStrings\repeatStrings.csproj", "{C359F1A0-22D0-472B-9F0F-73C67E6D2170}"
EndProject
Project("{FAE04EC0-301F-11D3-BF4B-00C04F79EFBC}") = "substring", "substring\substring.csproj", "{CDEA126F-0FB5-40B5-BCC6-BC891C02C242}"
EndProject
Project("{FAE04EC0-301F-11D3-BF4B-00C04F79EFBC}") = "testFilter", "testFilter\testFilter.csproj", "{1ED93E14-EE5A-456D-80C3-BCB361D84B3B}"
EndProject
Project("{FAE04EC0-301F-11D3-BF4B-00C04F79EFBC}") = "digits", "digits\digits.csproj", "{CFED5C64-F9F5-426F-88D3-71BCC436B248}"
EndProject
Global
	GlobalSection(SolutionConfigurationPlatforms) = preSolution
		Debug|Any CPU = Debug|Any CPU
		Release|Any CPU = Release|Any CPU
	EndGlobalSection
	GlobalSection(ProjectConfigurationPlatforms) = postSolution
		{E47C6C01-02CC-4BB7-801F-140A3D5194D0}.Debug|Any CPU.ActiveCfg = Debug|Any CPU
		{E47C6C01-02CC-4BB7-801F-140A3D5194D0}.Debug|Any CPU.Build.0 = Debug|Any CPU
		{E47C6C01-02CC-4BB7-801F-140A3D5194D0}.Release|Any CPU.ActiveCfg = Release|Any CPU
		{E47C6C01-02CC-4BB7-801F-140A3D5194D0}.Release|Any CPU.Build.0 = Release|Any CPU
		{C359F1A0-22D0-472B-9F0F-73C67E6D2170}.Debug|Any CPU.ActiveCfg = Debug|Any CPU
		{C359F1A0-22D0-472B-9F0F-73C67E6D2170}.Debug|Any CPU.Build.0 = Debug|Any CPU
		{C359F1A0-22D0-472B-9F0F-73C67E6D2170}.Release|Any CPU.ActiveCfg = Release|Any CPU
		{C359F1A0-22D0-472B-9F0F-73C67E6D2170}.Release|Any CPU.Build.0 = Release|Any CPU
		{CDEA126F-0FB5-40B5-BCC6-BC891C02C242}.Debug|Any CPU.ActiveCfg = Debug|Any CPU
		{CDEA126F-0FB5-40B5-BCC6-BC891C02C242}.Debug|Any CPU.Build.0 = Debug|Any CPU
		{CDEA126F-0FB5-40B5-BCC6-BC891C02C242}.Release|Any CPU.ActiveCfg = Release|Any CPU
		{CDEA126F-0FB5-40B5-BCC6-BC891C02C242}.Release|Any CPU.Build.0 = Release|Any CPU
		{1ED93E14-EE5A-456D-80C3-BCB361D84B3B}.Debug|Any CPU.ActiveCfg = Debug|Any CPU
		{1ED93E14-EE5A-456D-80C3-BCB361D84B3B}.Debug|Any CPU.Build.0 = Debug|Any CPU
		{1ED93E14-EE5A-456D-80C3-BCB361D84B3B}.Release|Any CPU.ActiveCfg = Release|Any CPU
		{1ED93E14-EE5A-456D-80C3-BCB361D84B3B}.Release|Any CPU.Build.0 = Release|Any CPU
		{CFED5C64-F9F5-426F-88D3-71BCC436B248}.Debug|Any CPU.ActiveCfg = Debug|Any CPU
		{CFED5C64-F9F5-426F-88D3-71BCC436B248}.Debug|Any CPU.Build.0 = Debug|Any CPU
		{CFED5C64-F9F5-426F-88D3-71BCC436B248}.Release|Any CPU.ActiveCfg = Release|Any CPU
		{CFED5C64-F9F5-426F-88D3-71BCC436B248}.Release|Any CPU.Build.0 = Release|Any CPU
	EndGlobalSection
	GlobalSection(SolutionProperties) = preSolution
		HideSolutionNode = FALSE
	EndGlobalSection
	GlobalSection(ExtensibilityGlobals) = postSolution
		SolutionGuid = {7146B2CC-19FF-4499-834C-8407A15CA3A6}
	EndGlobalSection
EndGlobal
